
Microsoft Visual Studio Solution File, Format Version 12.00
# Visual Studio Version 17
VisualStudioVersion = 17.5.33502.453
MinimumVisualStudioVersion = 10.0.40219.1
Project("{FAE04EC0-301F-11D3-BF4B-00C04F79EFBC}") = "TechCare_Prototipos", "TechCare_Prototipos\TechCare_Prototipos.csproj", "{419EED8B-8747-411B-9009-97162F0AEA58}"
EndProject
Global
	GlobalSection(SolutionConfigurationPlatforms) = preSolution
		Debug|Any CPU = Debug|Any CPU
		Release|Any CPU = Release|Any CPU
	EndGlobalSection
	GlobalSection(ProjectConfigurationPlatforms) = postSolution
		{419EED8B-8747-411B-9009-97162F0AEA58}.Debug|Any CPU.ActiveCfg = Debug|Any CPU
		{419EED8B-8747-411B-9009-97162F0AEA58}.Debug|Any CPU.Build.0 = Debug|Any CPU
		{419EED8B-8747-411B-9009-97162F0AEA58}.Release|Any CPU.ActiveCfg = Release|Any CPU
		{419EED8B-8747-411B-9009-97162F0AEA58}.Release|Any CPU.Build.0 = Release|Any CPU
	EndGlobalSection
	GlobalSection(SolutionProperties) = preSolution
		HideSolutionNode = FALSE
	EndGlobalSection
	GlobalSection(ExtensibilityGlobals) = postSolution
		SolutionGuid = {4C25B02F-4F9C-4144-8913-4689D8ABF8BA}
	EndGlobalSection
EndGlobal
